
Microsoft Visual Studio Solution File, Format Version 12.00
# Visual Studio Version 17
VisualStudioVersion = 17.4.33205.214
MinimumVisualStudioVersion = 10.0.40219.1
Project("{FAE04EC0-301F-11D3-BF4B-00C04F79EFBC}") = "Graph Application", "Graph Application\Graph Application.csproj", "{56A79388-B2E9-49FC-B7E2-A50CEC18E251}"
EndProject
Global
	GlobalSection(SolutionConfigurationPlatforms) = preSolution
		Debug|Any CPU = Debug|Any CPU
		Release|Any CPU = Release|Any CPU
	EndGlobalSection
	GlobalSection(ProjectConfigurationPlatforms) = postSolution
		{56A79388-B2E9-49FC-B7E2-A50CEC18E251}.Debug|Any CPU.ActiveCfg = Debug|Any CPU
		{56A79388-B2E9-49FC-B7E2-A50CEC18E251}.Debug|Any CPU.Build.0 = Debug|Any CPU
		{56A79388-B2E9-49FC-B7E2-A50CEC18E251}.Release|Any CPU.ActiveCfg = Release|Any CPU
		{56A79388-B2E9-49FC-B7E2-A50CEC18E251}.Release|Any CPU.Build.0 = Release|Any CPU
	EndGlobalSection
	GlobalSection(SolutionProperties) = preSolution
		HideSolutionNode = FALSE
	EndGlobalSection
	GlobalSection(ExtensibilityGlobals) = postSolution
		SolutionGuid = {ACCE8A67-C826-49EB-AEFE-628DF3670927}
	EndGlobalSection
EndGlobal
